// !$*UTF8*$!
{
	archiveVersion = 1;
	classes = {
	};
	objectVersion = 56;
	objects = {

/* Begin PBXBuildFile section */
		8F0766602BAA4C5E00FD90DE /* Colors.swift in Sources */ = {isa = PBXBuildFile; fileRef = 8F07665F2BAA4C5E00FD90DE /* Colors.swift */; };
		8F0766642BAE686900FD90DE /* RoomInfo.swift in Sources */ = {isa = PBXBuildFile; fileRef = 8F0766632BAE686900FD90DE /* RoomInfo.swift */; };
		8F0766672BAE715000FD90DE /* HomeRouter.swift in Sources */ = {isa = PBXBuildFile; fileRef = 8F0766662BAE715000FD90DE /* HomeRouter.swift */; };
		8F0766692BAF8CE100FD90DE /* PhotoPicker.swift in Sources */ = {isa = PBXBuildFile; fileRef = 8F0766682BAF8CE100FD90DE /* PhotoPicker.swift */; };
		8F0D9FDB2BD2E58B00DA6460 /* MyProjectsView.swift in Sources */ = {isa = PBXBuildFile; fileRef = 8F0D9FDA2BD2E58B00DA6460 /* MyProjectsView.swift */; };
		8F0D9FDE2BD2E93000DA6460 /* FeedsView.swift in Sources */ = {isa = PBXBuildFile; fileRef = 8F0D9FDD2BD2E93000DA6460 /* FeedsView.swift */; };
		8F2014922B9B5C1800331110 /* ButtonProtocols.swift in Sources */ = {isa = PBXBuildFile; fileRef = 8F2014912B9B5C1800331110 /* ButtonProtocols.swift */; };
		8F2014942B9B60CA00331110 /* ButtonEnums.swift in Sources */ = {isa = PBXBuildFile; fileRef = 8F2014932B9B60CA00331110 /* ButtonEnums.swift */; };
		8FA4EAFA2BA7C3080046ACF4 /* ButtonSizes.swift in Sources */ = {isa = PBXBuildFile; fileRef = 8FA4EAF92BA7C3080046ACF4 /* ButtonSizes.swift */; };
		8FA4EAFF2BA7CD6B0046ACF4 /* Aleo-Italic-VariableFont_wght.ttf in Resources */ = {isa = PBXBuildFile; fileRef = 8FA4EAFD2BA7CD6B0046ACF4 /* Aleo-Italic-VariableFont_wght.ttf */; };
		8FA4EB002BA7CD6B0046ACF4 /* Aleo-VariableFont_wght.ttf in Resources */ = {isa = PBXBuildFile; fileRef = 8FA4EAFE2BA7CD6B0046ACF4 /* Aleo-VariableFont_wght.ttf */; };
		8FA4EB3B2BA7D71E0046ACF4 /* Fonts.swift in Sources */ = {isa = PBXBuildFile; fileRef = 8FA4EB3A2BA7D71E0046ACF4 /* Fonts.swift */; };
		8FBE3D902B95525D00C46030 /* media_editorApp.swift in Sources */ = {isa = PBXBuildFile; fileRef = 8FBE3D8F2B95525D00C46030 /* media_editorApp.swift */; };
		8FBE3D922B95525D00C46030 /* HomeView.swift in Sources */ = {isa = PBXBuildFile; fileRef = 8FBE3D912B95525D00C46030 /* HomeView.swift */; };
		8FBE3D942B95525F00C46030 /* Assets.xcassets in Resources */ = {isa = PBXBuildFile; fileRef = 8FBE3D932B95525F00C46030 /* Assets.xcassets */; };
		8FBE3D972B95525F00C46030 /* Preview Assets.xcassets in Resources */ = {isa = PBXBuildFile; fileRef = 8FBE3D962B95525F00C46030 /* Preview Assets.xcassets */; };
		8FBE3DA12B95525F00C46030 /* media_editorTests.swift in Sources */ = {isa = PBXBuildFile; fileRef = 8FBE3DA02B95525F00C46030 /* media_editorTests.swift */; };
		8FBE3DAB2B95526000C46030 /* media_editorUITests.swift in Sources */ = {isa = PBXBuildFile; fileRef = 8FBE3DAA2B95526000C46030 /* media_editorUITests.swift */; };
		8FBE3DAD2B95526000C46030 /* media_editorUITestsLaunchTests.swift in Sources */ = {isa = PBXBuildFile; fileRef = 8FBE3DAC2B95526000C46030 /* media_editorUITestsLaunchTests.swift */; };
		8FBE3DBC2B95535800C46030 /* Localizable.xcstrings in Resources */ = {isa = PBXBuildFile; fileRef = 8FBE3DBB2B95535800C46030 /* Localizable.xcstrings */; };
		8FBE3DBF2B95548700C46030 /* EmptyStateView.swift in Sources */ = {isa = PBXBuildFile; fileRef = 8FBE3DBE2B95548700C46030 /* EmptyStateView.swift */; };
		8FBE3DC22B955A8E00C46030 /* XFillButton.swift in Sources */ = {isa = PBXBuildFile; fileRef = 8FBE3DC12B955A8E00C46030 /* XFillButton.swift */; };
		8FBE3DC42B955F3F00C46030 /* XTextImageButton.swift in Sources */ = {isa = PBXBuildFile; fileRef = 8FBE3DC32B955F3F00C46030 /* XTextImageButton.swift */; };
/* End PBXBuildFile section */

/* Begin PBXContainerItemProxy section */
		8FBE3D9D2B95525F00C46030 /* PBXContainerItemProxy */ = {
			isa = PBXContainerItemProxy;
			containerPortal = 8FBE3D842B95525D00C46030 /* Project object */;
			proxyType = 1;
			remoteGlobalIDString = 8FBE3D8B2B95525D00C46030;
			remoteInfo = "media-editor";
		};
		8FBE3DA72B95526000C46030 /* PBXContainerItemProxy */ = {
			isa = PBXContainerItemProxy;
			containerPortal = 8FBE3D842B95525D00C46030 /* Project object */;
			proxyType = 1;
			remoteGlobalIDString = 8FBE3D8B2B95525D00C46030;
			remoteInfo = "media-editor";
		};
/* End PBXContainerItemProxy section */

/* Begin PBXFileReference section */
		8F07665F2BAA4C5E00FD90DE /* Colors.swift */ = {isa = PBXFileReference; lastKnownFileType = sourcecode.swift; path = Colors.swift; sourceTree = "<group>"; };
		8F0766632BAE686900FD90DE /* RoomInfo.swift */ = {isa = PBXFileReference; lastKnownFileType = sourcecode.swift; path = RoomInfo.swift; sourceTree = "<group>"; };
		8F0766662BAE715000FD90DE /* HomeRouter.swift */ = {isa = PBXFileReference; lastKnownFileType = sourcecode.swift; path = HomeRouter.swift; sourceTree = "<group>"; };
		8F0766682BAF8CE100FD90DE /* PhotoPicker.swift */ = {isa = PBXFileReference; lastKnownFileType = sourcecode.swift; path = PhotoPicker.swift; sourceTree = "<group>"; };
		8F0D9FDA2BD2E58B00DA6460 /* MyProjectsView.swift */ = {isa = PBXFileReference; lastKnownFileType = sourcecode.swift; path = MyProjectsView.swift; sourceTree = "<group>"; };
		8F0D9FDD2BD2E93000DA6460 /* FeedsView.swift */ = {isa = PBXFileReference; lastKnownFileType = sourcecode.swift; path = FeedsView.swift; sourceTree = "<group>"; };
		8F2014912B9B5C1800331110 /* ButtonProtocols.swift */ = {isa = PBXFileReference; lastKnownFileType = sourcecode.swift; path = ButtonProtocols.swift; sourceTree = "<group>"; };
		8F2014932B9B60CA00331110 /* ButtonEnums.swift */ = {isa = PBXFileReference; lastKnownFileType = sourcecode.swift; path = ButtonEnums.swift; sourceTree = "<group>"; };
		8FA4EAF92BA7C3080046ACF4 /* ButtonSizes.swift */ = {isa = PBXFileReference; lastKnownFileType = sourcecode.swift; path = ButtonSizes.swift; sourceTree = "<group>"; };
		8FA4EAFD2BA7CD6B0046ACF4 /* Aleo-Italic-VariableFont_wght.ttf */ = {isa = PBXFileReference; lastKnownFileType = file; path = "Aleo-Italic-VariableFont_wght.ttf"; sourceTree = "<group>"; };
		8FA4EAFE2BA7CD6B0046ACF4 /* Aleo-VariableFont_wght.ttf */ = {isa = PBXFileReference; lastKnownFileType = file; path = "Aleo-VariableFont_wght.ttf"; sourceTree = "<group>"; };
		8FA4EB382BA7D43F0046ACF4 /* Info.plist */ = {isa = PBXFileReference; lastKnownFileType = text.plist.xml; path = Info.plist; sourceTree = "<group>"; };
		8FA4EB3A2BA7D71E0046ACF4 /* Fonts.swift */ = {isa = PBXFileReference; lastKnownFileType = sourcecode.swift; path = Fonts.swift; sourceTree = "<group>"; };
		8FBE3D8C2B95525D00C46030 /* media-editor.app */ = {isa = PBXFileReference; explicitFileType = wrapper.application; includeInIndex = 0; path = "media-editor.app"; sourceTree = BUILT_PRODUCTS_DIR; };
		8FBE3D8F2B95525D00C46030 /* media_editorApp.swift */ = {isa = PBXFileReference; lastKnownFileType = sourcecode.swift; path = media_editorApp.swift; sourceTree = "<group>"; };
		8FBE3D912B95525D00C46030 /* HomeView.swift */ = {isa = PBXFileReference; lastKnownFileType = sourcecode.swift; path = HomeView.swift; sourceTree = "<group>"; };
		8FBE3D932B95525F00C46030 /* Assets.xcassets */ = {isa = PBXFileReference; lastKnownFileType = folder.assetcatalog; path = Assets.xcassets; sourceTree = "<group>"; };
		8FBE3D962B95525F00C46030 /* Preview Assets.xcassets */ = {isa = PBXFileReference; lastKnownFileType = folder.assetcatalog; path = "Preview Assets.xcassets"; sourceTree = "<group>"; };
		8FBE3D9C2B95525F00C46030 /* media-editorTests.xctest */ = {isa = PBXFileReference; explicitFileType = wrapper.cfbundle; includeInIndex = 0; path = "media-editorTests.xctest"; sourceTree = BUILT_PRODUCTS_DIR; };
		8FBE3DA02B95525F00C46030 /* media_editorTests.swift */ = {isa = PBXFileReference; lastKnownFileType = sourcecode.swift; path = media_editorTests.swift; sourceTree = "<group>"; };
		8FBE3DA62B95526000C46030 /* media-editorUITests.xctest */ = {isa = PBXFileReference; explicitFileType = wrapper.cfbundle; includeInIndex = 0; path = "media-editorUITests.xctest"; sourceTree = BUILT_PRODUCTS_DIR; };
		8FBE3DAA2B95526000C46030 /* media_editorUITests.swift */ = {isa = PBXFileReference; lastKnownFileType = sourcecode.swift; path = media_editorUITests.swift; sourceTree = "<group>"; };
		8FBE3DAC2B95526000C46030 /* media_editorUITestsLaunchTests.swift */ = {isa = PBXFileReference; lastKnownFileType = sourcecode.swift; path = media_editorUITestsLaunchTests.swift; sourceTree = "<group>"; };
		8FBE3DBB2B95535800C46030 /* Localizable.xcstrings */ = {isa = PBXFileReference; lastKnownFileType = text.json.xcstrings; path = Localizable.xcstrings; sourceTree = "<group>"; };
		8FBE3DBE2B95548700C46030 /* EmptyStateView.swift */ = {isa = PBXFileReference; lastKnownFileType = sourcecode.swift; path = EmptyStateView.swift; sourceTree = "<group>"; };
		8FBE3DC12B955A8E00C46030 /* XFillButton.swift */ = {isa = PBXFileReference; lastKnownFileType = sourcecode.swift; path = XFillButton.swift; sourceTree = "<group>"; };
		8FBE3DC32B955F3F00C46030 /* XTextImageButton.swift */ = {isa = PBXFileReference; lastKnownFileType = sourcecode.swift; path = XTextImageButton.swift; sourceTree = "<group>"; };
/* End PBXFileReference section */

/* Begin PBXFrameworksBuildPhase section */
		8FBE3D892B95525D00C46030 /* Frameworks */ = {
			isa = PBXFrameworksBuildPhase;
			buildActionMask = 2147483647;
			files = (
			);
			runOnlyForDeploymentPostprocessing = 0;
		};
		8FBE3D992B95525F00C46030 /* Frameworks */ = {
			isa = PBXFrameworksBuildPhase;
			buildActionMask = 2147483647;
			files = (
			);
			runOnlyForDeploymentPostprocessing = 0;
		};
		8FBE3DA32B95526000C46030 /* Frameworks */ = {
			isa = PBXFrameworksBuildPhase;
			buildActionMask = 2147483647;
			files = (
			);
			runOnlyForDeploymentPostprocessing = 0;
		};
/* End PBXFrameworksBuildPhase section */

/* Begin PBXGroup section */
		8F07665E2BAA4C4D00FD90DE /* Colors */ = {
			isa = PBXGroup;
			children = (
				8F07665F2BAA4C5E00FD90DE /* Colors.swift */,
			);
			path = Colors;
			sourceTree = "<group>";
		};
		8F0766612BAA790C00FD90DE /* Scenes */ = {
			isa = PBXGroup;
			children = (
				8FBE3D8F2B95525D00C46030 /* media_editorApp.swift */,
				8F0D9FDC2BD2E91F00DA6460 /* Feeds */,
				8F0D9FD92BD2E55F00DA6460 /* MyProjects */,
				8F0766622BAA792100FD90DE /* Home */,
			);
			path = Scenes;
			sourceTree = "<group>";
		};
		8F0766622BAA792100FD90DE /* Home */ = {
			isa = PBXGroup;
			children = (
				8F0766652BAE713F00FD90DE /* Router */,
				8FBE3DBD2B95546800C46030 /* Views */,
				8FBE3D912B95525D00C46030 /* HomeView.swift */,
			);
			path = Home;
			sourceTree = "<group>";
		};
		8F0766652BAE713F00FD90DE /* Router */ = {
			isa = PBXGroup;
			children = (
				8F0766662BAE715000FD90DE /* HomeRouter.swift */,
			);
			path = Router;
			sourceTree = "<group>";
		};
		8F0D9FD92BD2E55F00DA6460 /* MyProjects */ = {
			isa = PBXGroup;
			children = (
				8F0D9FDA2BD2E58B00DA6460 /* MyProjectsView.swift */,
			);
			path = MyProjects;
			sourceTree = "<group>";
		};
		8F0D9FDC2BD2E91F00DA6460 /* Feeds */ = {
			isa = PBXGroup;
			children = (
				8F0D9FDD2BD2E93000DA6460 /* FeedsView.swift */,
			);
			path = Feeds;
			sourceTree = "<group>";
		};
		8FA4EAF82BA7C2A80046ACF4 /* Base */ = {
			isa = PBXGroup;
			children = (
				8F2014912B9B5C1800331110 /* ButtonProtocols.swift */,
				8F2014932B9B60CA00331110 /* ButtonEnums.swift */,
				8FA4EAF92BA7C3080046ACF4 /* ButtonSizes.swift */,
			);
			path = Base;
			sourceTree = "<group>";
		};
		8FA4EAFB2BA7CD4F0046ACF4 /* Fonts */ = {
			isa = PBXGroup;
			children = (
				8FA4EAFD2BA7CD6B0046ACF4 /* Aleo-Italic-VariableFont_wght.ttf */,
				8FA4EAFE2BA7CD6B0046ACF4 /* Aleo-VariableFont_wght.ttf */,
				8FA4EB3A2BA7D71E0046ACF4 /* Fonts.swift */,
			);
			path = Fonts;
			sourceTree = "<group>";
		};
		8FA4EAFC2BA7CD550046ACF4 /* Localization */ = {
			isa = PBXGroup;
			children = (
				8FBE3DBB2B95535800C46030 /* Localizable.xcstrings */,
			);
			path = Localization;
			sourceTree = "<group>";
		};
		8FBE3D832B95525D00C46030 = {
			isa = PBXGroup;
			children = (
				8FBE3D8E2B95525D00C46030 /* media-editor */,
				8FBE3D9F2B95525F00C46030 /* media-editorTests */,
				8FBE3DA92B95526000C46030 /* media-editorUITests */,
				8FBE3D8D2B95525D00C46030 /* Products */,
			);
			sourceTree = "<group>";
		};
		8FBE3D8D2B95525D00C46030 /* Products */ = {
			isa = PBXGroup;
			children = (
				8FBE3D8C2B95525D00C46030 /* media-editor.app */,
				8FBE3D9C2B95525F00C46030 /* media-editorTests.xctest */,
				8FBE3DA62B95526000C46030 /* media-editorUITests.xctest */,
			);
			name = Products;
			sourceTree = "<group>";
		};
		8FBE3D8E2B95525D00C46030 /* media-editor */ = {
			isa = PBXGroup;
			children = (
				8FBE3DB92B9552C100C46030 /* Resources */,
				8FBE3DBA2B9552D200C46030 /* Components */,
				8F0766612BAA790C00FD90DE /* Scenes */,
				8FBE3D932B95525F00C46030 /* Assets.xcassets */,
				8FBE3D952B95525F00C46030 /* Preview Content */,
			);
			path = "media-editor";
			sourceTree = "<group>";
		};
		8FBE3D952B95525F00C46030 /* Preview Content */ = {
			isa = PBXGroup;
			children = (
				8FBE3D962B95525F00C46030 /* Preview Assets.xcassets */,
			);
			path = "Preview Content";
			sourceTree = "<group>";
		};
		8FBE3D9F2B95525F00C46030 /* media-editorTests */ = {
			isa = PBXGroup;
			children = (
				8FBE3DA02B95525F00C46030 /* media_editorTests.swift */,
			);
			path = "media-editorTests";
			sourceTree = "<group>";
		};
		8FBE3DA92B95526000C46030 /* media-editorUITests */ = {
			isa = PBXGroup;
			children = (
				8FBE3DAA2B95526000C46030 /* media_editorUITests.swift */,
				8FBE3DAC2B95526000C46030 /* media_editorUITestsLaunchTests.swift */,
			);
			path = "media-editorUITests";
			sourceTree = "<group>";
		};
		8FBE3DB92B9552C100C46030 /* Resources */ = {
			isa = PBXGroup;
			children = (
				8FA4EB382BA7D43F0046ACF4 /* Info.plist */,
				8FA4EAFC2BA7CD550046ACF4 /* Localization */,
				8FA4EAFB2BA7CD4F0046ACF4 /* Fonts */,
				8F07665E2BAA4C4D00FD90DE /* Colors */,
			);
			path = Resources;
			sourceTree = "<group>";
		};
		8FBE3DBA2B9552D200C46030 /* Components */ = {
			isa = PBXGroup;
			children = (
				8FBE3DC02B955A4200C46030 /* XButton */,
			);
			path = Components;
			sourceTree = "<group>";
		};
		8FBE3DBD2B95546800C46030 /* Views */ = {
			isa = PBXGroup;
			children = (
				8FBE3DBE2B95548700C46030 /* EmptyStateView.swift */,
				8F0766632BAE686900FD90DE /* RoomInfo.swift */,
				8F0766682BAF8CE100FD90DE /* PhotoPicker.swift */,
			);
			path = Views;
			sourceTree = "<group>";
		};
		8FBE3DC02B955A4200C46030 /* XButton */ = {
			isa = PBXGroup;
			children = (
				8FA4EAF82BA7C2A80046ACF4 /* Base */,
				8FBE3DC12B955A8E00C46030 /* XFillButton.swift */,
				8FBE3DC32B955F3F00C46030 /* XTextImageButton.swift */,
			);
			path = XButton;
			sourceTree = "<group>";
		};
/* End PBXGroup section */

/* Begin PBXNativeTarget section */
		8FBE3D8B2B95525D00C46030 /* media-editor */ = {
			isa = PBXNativeTarget;
			buildConfigurationList = 8FBE3DB02B95526000C46030 /* Build configuration list for PBXNativeTarget "media-editor" */;
			buildPhases = (
				8FBE3D882B95525D00C46030 /* Sources */,
				8FBE3D892B95525D00C46030 /* Frameworks */,
				8FBE3D8A2B95525D00C46030 /* Resources */,
			);
			buildRules = (
			);
			dependencies = (
			);
			name = "media-editor";
			productName = "media-editor";
			productReference = 8FBE3D8C2B95525D00C46030 /* media-editor.app */;
			productType = "com.apple.product-type.application";
		};
		8FBE3D9B2B95525F00C46030 /* media-editorTests */ = {
			isa = PBXNativeTarget;
			buildConfigurationList = 8FBE3DB32B95526000C46030 /* Build configuration list for PBXNativeTarget "media-editorTests" */;
			buildPhases = (
				8FBE3D982B95525F00C46030 /* Sources */,
				8FBE3D992B95525F00C46030 /* Frameworks */,
				8FBE3D9A2B95525F00C46030 /* Resources */,
			);
			buildRules = (
			);
			dependencies = (
				8FBE3D9E2B95525F00C46030 /* PBXTargetDependency */,
			);
			name = "media-editorTests";
			productName = "media-editorTests";
			productReference = 8FBE3D9C2B95525F00C46030 /* media-editorTests.xctest */;
			productType = "com.apple.product-type.bundle.unit-test";
		};
		8FBE3DA52B95526000C46030 /* media-editorUITests */ = {
			isa = PBXNativeTarget;
			buildConfigurationList = 8FBE3DB62B95526000C46030 /* Build configuration list for PBXNativeTarget "media-editorUITests" */;
			buildPhases = (
				8FBE3DA22B95526000C46030 /* Sources */,
				8FBE3DA32B95526000C46030 /* Frameworks */,
				8FBE3DA42B95526000C46030 /* Resources */,
			);
			buildRules = (
			);
			dependencies = (
				8FBE3DA82B95526000C46030 /* PBXTargetDependency */,
			);
			name = "media-editorUITests";
			productName = "media-editorUITests";
			productReference = 8FBE3DA62B95526000C46030 /* media-editorUITests.xctest */;
			productType = "com.apple.product-type.bundle.ui-testing";
		};
/* End PBXNativeTarget section */

/* Begin PBXProject section */
		8FBE3D842B95525D00C46030 /* Project object */ = {
			isa = PBXProject;
			attributes = {
				BuildIndependentTargetsInParallel = 1;
				LastSwiftUpdateCheck = 1500;
				LastUpgradeCheck = 1500;
				TargetAttributes = {
					8FBE3D8B2B95525D00C46030 = {
						CreatedOnToolsVersion = 15.0.1;
					};
					8FBE3D9B2B95525F00C46030 = {
						CreatedOnToolsVersion = 15.0.1;
						TestTargetID = 8FBE3D8B2B95525D00C46030;
					};
					8FBE3DA52B95526000C46030 = {
						CreatedOnToolsVersion = 15.0.1;
						TestTargetID = 8FBE3D8B2B95525D00C46030;
					};
				};
			};
			buildConfigurationList = 8FBE3D872B95525D00C46030 /* Build configuration list for PBXProject "media-editor" */;
			compatibilityVersion = "Xcode 14.0";
			developmentRegion = en;
			hasScannedForEncodings = 0;
			knownRegions = (
				en,
				Base,
				ar,
			);
			mainGroup = 8FBE3D832B95525D00C46030;
			productRefGroup = 8FBE3D8D2B95525D00C46030 /* Products */;
			projectDirPath = "";
			projectRoot = "";
			targets = (
				8FBE3D8B2B95525D00C46030 /* media-editor */,
				8FBE3D9B2B95525F00C46030 /* media-editorTests */,
				8FBE3DA52B95526000C46030 /* media-editorUITests */,
			);
		};
/* End PBXProject section */

/* Begin PBXResourcesBuildPhase section */
		8FBE3D8A2B95525D00C46030 /* Resources */ = {
			isa = PBXResourcesBuildPhase;
			buildActionMask = 2147483647;
			files = (
				8FA4EAFF2BA7CD6B0046ACF4 /* Aleo-Italic-VariableFont_wght.ttf in Resources */,
				8FBE3D972B95525F00C46030 /* Preview Assets.xcassets in Resources */,
				8FBE3D942B95525F00C46030 /* Assets.xcassets in Resources */,
				8FA4EB002BA7CD6B0046ACF4 /* Aleo-VariableFont_wght.ttf in Resources */,
				8FBE3DBC2B95535800C46030 /* Localizable.xcstrings in Resources */,
			);
			runOnlyForDeploymentPostprocessing = 0;
		};
		8FBE3D9A2B95525F00C46030 /* Resources */ = {
			isa = PBXResourcesBuildPhase;
			buildActionMask = 2147483647;
			files = (
			);
			runOnlyForDeploymentPostprocessing = 0;
		};
		8FBE3DA42B95526000C46030 /* Resources */ = {
			isa = PBXResourcesBuildPhase;
			buildActionMask = 2147483647;
			files = (
			);
			runOnlyForDeploymentPostprocessing = 0;
		};
/* End PBXResourcesBuildPhase section */

/* Begin PBXSourcesBuildPhase section */
		8FBE3D882B95525D00C46030 /* Sources */ = {
			isa = PBXSourcesBuildPhase;
			buildActionMask = 2147483647;
			files = (
				8F0766642BAE686900FD90DE /* RoomInfo.swift in Sources */,
				8F0766672BAE715000FD90DE /* HomeRouter.swift in Sources */,
				8FBE3DBF2B95548700C46030 /* EmptyStateView.swift in Sources */,
				8F0766602BAA4C5E00FD90DE /* Colors.swift in Sources */,
				8F2014922B9B5C1800331110 /* ButtonProtocols.swift in Sources */,
				8FBE3DC42B955F3F00C46030 /* XTextImageButton.swift in Sources */,
				8FBE3D922B95525D00C46030 /* HomeView.swift in Sources */,
				8F2014942B9B60CA00331110 /* ButtonEnums.swift in Sources */,
				8FBE3D902B95525D00C46030 /* media_editorApp.swift in Sources */,
				8F0D9FDB2BD2E58B00DA6460 /* MyProjectsView.swift in Sources */,
				8FA4EAFA2BA7C3080046ACF4 /* ButtonSizes.swift in Sources */,
				8F0766692BAF8CE100FD90DE /* PhotoPicker.swift in Sources */,
				8FA4EB3B2BA7D71E0046ACF4 /* Fonts.swift in Sources */,
				8FBE3DC22B955A8E00C46030 /* XFillButton.swift in Sources */,
				8F0D9FDE2BD2E93000DA6460 /* FeedsView.swift in Sources */,
			);
			runOnlyForDeploymentPostprocessing = 0;
		};
		8FBE3D982B95525F00C46030 /* Sources */ = {
			isa = PBXSourcesBuildPhase;
			buildActionMask = 2147483647;
			files = (
				8FBE3DA12B95525F00C46030 /* media_editorTests.swift in Sources */,
			);
			runOnlyForDeploymentPostprocessing = 0;
		};
		8FBE3DA22B95526000C46030 /* Sources */ = {
			isa = PBXSourcesBuildPhase;
			buildActionMask = 2147483647;
			files = (
				8FBE3DAD2B95526000C46030 /* media_editorUITestsLaunchTests.swift in Sources */,
				8FBE3DAB2B95526000C46030 /* media_editorUITests.swift in Sources */,
			);
			runOnlyForDeploymentPostprocessing = 0;
		};
/* End PBXSourcesBuildPhase section */

/* Begin PBXTargetDependency section */
		8FBE3D9E2B95525F00C46030 /* PBXTargetDependency */ = {
			isa = PBXTargetDependency;
			target = 8FBE3D8B2B95525D00C46030 /* media-editor */;
			targetProxy = 8FBE3D9D2B95525F00C46030 /* PBXContainerItemProxy */;
		};
		8FBE3DA82B95526000C46030 /* PBXTargetDependency */ = {
			isa = PBXTargetDependency;
			target = 8FBE3D8B2B95525D00C46030 /* media-editor */;
			targetProxy = 8FBE3DA72B95526000C46030 /* PBXContainerItemProxy */;
		};
/* End PBXTargetDependency section */

/* Begin XCBuildConfiguration section */
		8FBE3DAE2B95526000C46030 /* Debug */ = {
			isa = XCBuildConfiguration;
			buildSettings = {
				ALWAYS_SEARCH_USER_PATHS = NO;
				ASSETCATALOG_COMPILER_GENERATE_SWIFT_ASSET_SYMBOL_EXTENSIONS = YES;
				CLANG_ANALYZER_NONNULL = YES;
				CLANG_ANALYZER_NUMBER_OBJECT_CONVERSION = YES_AGGRESSIVE;
				CLANG_CXX_LANGUAGE_STANDARD = "gnu++20";
				CLANG_ENABLE_MODULES = YES;
				CLANG_ENABLE_OBJC_ARC = YES;
				CLANG_ENABLE_OBJC_WEAK = YES;
				CLANG_WARN_BLOCK_CAPTURE_AUTORELEASING = YES;
				CLANG_WARN_BOOL_CONVERSION = YES;
				CLANG_WARN_COMMA = YES;
				CLANG_WARN_CONSTANT_CONVERSION = YES;
				CLANG_WARN_DEPRECATED_OBJC_IMPLEMENTATIONS = YES;
				CLANG_WARN_DIRECT_OBJC_ISA_USAGE = YES_ERROR;
				CLANG_WARN_DOCUMENTATION_COMMENTS = YES;
				CLANG_WARN_EMPTY_BODY = YES;
				CLANG_WARN_ENUM_CONVERSION = YES;
				CLANG_WARN_INFINITE_RECURSION = YES;
				CLANG_WARN_INT_CONVERSION = YES;
				CLANG_WARN_NON_LITERAL_NULL_CONVERSION = YES;
				CLANG_WARN_OBJC_IMPLICIT_RETAIN_SELF = YES;
				CLANG_WARN_OBJC_LITERAL_CONVERSION = YES;
				CLANG_WARN_OBJC_ROOT_CLASS = YES_ERROR;
				CLANG_WARN_QUOTED_INCLUDE_IN_FRAMEWORK_HEADER = YES;
				CLANG_WARN_RANGE_LOOP_ANALYSIS = YES;
				CLANG_WARN_STRICT_PROTOTYPES = YES;
				CLANG_WARN_SUSPICIOUS_MOVE = YES;
				CLANG_WARN_UNGUARDED_AVAILABILITY = YES_AGGRESSIVE;
				CLANG_WARN_UNREACHABLE_CODE = YES;
				CLANG_WARN__DUPLICATE_METHOD_MATCH = YES;
				COPY_PHASE_STRIP = NO;
				DEBUG_INFORMATION_FORMAT = dwarf;
				ENABLE_STRICT_OBJC_MSGSEND = YES;
				ENABLE_TESTABILITY = YES;
				ENABLE_USER_SCRIPT_SANDBOXING = YES;
				GCC_C_LANGUAGE_STANDARD = gnu17;
				GCC_DYNAMIC_NO_PIC = NO;
				GCC_NO_COMMON_BLOCKS = YES;
				GCC_OPTIMIZATION_LEVEL = 0;
				GCC_PREPROCESSOR_DEFINITIONS = (
					"DEBUG=1",
					"$(inherited)",
				);
				GCC_WARN_64_TO_32_BIT_CONVERSION = YES;
				GCC_WARN_ABOUT_RETURN_TYPE = YES_ERROR;
				GCC_WARN_UNDECLARED_SELECTOR = YES;
				GCC_WARN_UNINITIALIZED_AUTOS = YES_AGGRESSIVE;
				GCC_WARN_UNUSED_FUNCTION = YES;
				GCC_WARN_UNUSED_VARIABLE = YES;
				IPHONEOS_DEPLOYMENT_TARGET = 17.0;
				LOCALIZATION_PREFERS_STRING_CATALOGS = YES;
				MTL_ENABLE_DEBUG_INFO = INCLUDE_SOURCE;
				MTL_FAST_MATH = YES;
				ONLY_ACTIVE_ARCH = YES;
				SDKROOT = iphoneos;
				SWIFT_ACTIVE_COMPILATION_CONDITIONS = "DEBUG $(inherited)";
				SWIFT_OPTIMIZATION_LEVEL = "-Onone";
			};
			name = Debug;
		};
		8FBE3DAF2B95526000C46030 /* Release */ = {
			isa = XCBuildConfiguration;
			buildSettings = {
				ALWAYS_SEARCH_USER_PATHS = NO;
				ASSETCATALOG_COMPILER_GENERATE_SWIFT_ASSET_SYMBOL_EXTENSIONS = YES;
				CLANG_ANALYZER_NONNULL = YES;
				CLANG_ANALYZER_NUMBER_OBJECT_CONVERSION = YES_AGGRESSIVE;
				CLANG_CXX_LANGUAGE_STANDARD = "gnu++20";
				CLANG_ENABLE_MODULES = YES;
				CLANG_ENABLE_OBJC_ARC = YES;
				CLANG_ENABLE_OBJC_WEAK = YES;
				CLANG_WARN_BLOCK_CAPTURE_AUTORELEASING = YES;
				CLANG_WARN_BOOL_CONVERSION = YES;
				CLANG_WARN_COMMA = YES;
				CLANG_WARN_CONSTANT_CONVERSION = YES;
				CLANG_WARN_DEPRECATED_OBJC_IMPLEMENTATIONS = YES;
				CLANG_WARN_DIRECT_OBJC_ISA_USAGE = YES_ERROR;
				CLANG_WARN_DOCUMENTATION_COMMENTS = YES;
				CLANG_WARN_EMPTY_BODY = YES;
				CLANG_WARN_ENUM_CONVERSION = YES;
				CLANG_WARN_INFINITE_RECURSION = YES;
				CLANG_WARN_INT_CONVERSION = YES;
				CLANG_WARN_NON_LITERAL_NULL_CONVERSION = YES;
				CLANG_WARN_OBJC_IMPLICIT_RETAIN_SELF = YES;
				CLANG_WARN_OBJC_LITERAL_CONVERSION = YES;
				CLANG_WARN_OBJC_ROOT_CLASS = YES_ERROR;
				CLANG_WARN_QUOTED_INCLUDE_IN_FRAMEWORK_HEADER = YES;
				CLANG_WARN_RANGE_LOOP_ANALYSIS = YES;
				CLANG_WARN_STRICT_PROTOTYPES = YES;
				CLANG_WARN_SUSPICIOUS_MOVE = YES;
				CLANG_WARN_UNGUARDED_AVAILABILITY = YES_AGGRESSIVE;
				CLANG_WARN_UNREACHABLE_CODE = YES;
				CLANG_WARN__DUPLICATE_METHOD_MATCH = YES;
				COPY_PHASE_STRIP = NO;
				DEBUG_INFORMATION_FORMAT = "dwarf-with-dsym";
				ENABLE_NS_ASSERTIONS = NO;
				ENABLE_STRICT_OBJC_MSGSEND = YES;
				ENABLE_USER_SCRIPT_SANDBOXING = YES;
				GCC_C_LANGUAGE_STANDARD = gnu17;
				GCC_NO_COMMON_BLOCKS = YES;
				GCC_WARN_64_TO_32_BIT_CONVERSION = YES;
				GCC_WARN_ABOUT_RETURN_TYPE = YES_ERROR;
				GCC_WARN_UNDECLARED_SELECTOR = YES;
				GCC_WARN_UNINITIALIZED_AUTOS = YES_AGGRESSIVE;
				GCC_WARN_UNUSED_FUNCTION = YES;
				GCC_WARN_UNUSED_VARIABLE = YES;
				IPHONEOS_DEPLOYMENT_TARGET = 17.0;
				LOCALIZATION_PREFERS_STRING_CATALOGS = YES;
				MTL_ENABLE_DEBUG_INFO = NO;
				MTL_FAST_MATH = YES;
				SDKROOT = iphoneos;
				SWIFT_COMPILATION_MODE = wholemodule;
				VALIDATE_PRODUCT = YES;
			};
			name = Release;
		};
		8FBE3DB12B95526000C46030 /* Debug */ = {
			isa = XCBuildConfiguration;
			buildSettings = {
				ASSETCATALOG_COMPILER_APPICON_NAME = AppIcon;
				ASSETCATALOG_COMPILER_GLOBAL_ACCENT_COLOR_NAME = AccentColor;
				CODE_SIGN_STYLE = Automatic;
				CURRENT_PROJECT_VERSION = 1;
				DEVELOPMENT_ASSET_PATHS = "\"media-editor/Preview Content\"";
				DEVELOPMENT_TEAM = 97KJB35S4G;
				ENABLE_PREVIEWS = YES;
				GENERATE_INFOPLIST_FILE = YES;
				INFOPLIST_FILE = "media-editor/Resources/Info.plist";
				INFOPLIST_KEY_UIApplicationSceneManifest_Generation = YES;
				INFOPLIST_KEY_UIApplicationSupportsIndirectInputEvents = YES;
				INFOPLIST_KEY_UILaunchScreen_Generation = YES;
				INFOPLIST_KEY_UISupportedInterfaceOrientations_iPad = "UIInterfaceOrientationPortrait UIInterfaceOrientationPortraitUpsideDown UIInterfaceOrientationLandscapeLeft UIInterfaceOrientationLandscapeRight";
				INFOPLIST_KEY_UISupportedInterfaceOrientations_iPhone = "UIInterfaceOrientationPortrait UIInterfaceOrientationLandscapeLeft UIInterfaceOrientationLandscapeRight";
				LD_RUNPATH_SEARCH_PATHS = (
					"$(inherited)",
					"@executable_path/Frameworks",
				);
				MARKETING_VERSION = 1.0;
				PRODUCT_BUNDLE_IDENTIFIER = "aziz.media-editor";
				PRODUCT_NAME = "$(TARGET_NAME)";
				SWIFT_EMIT_LOC_STRINGS = YES;
				SWIFT_VERSION = 5.0;
				TARGETED_DEVICE_FAMILY = "1,2";
			};
			name = Debug;
		};
		8FBE3DB22B95526000C46030 /* Release */ = {
			isa = XCBuildConfiguration;
			buildSettings = {
				ASSETCATALOG_COMPILER_APPICON_NAME = AppIcon;
				ASSETCATALOG_COMPILER_GLOBAL_ACCENT_COLOR_NAME = AccentColor;
				CODE_SIGN_STYLE = Automatic;
				CURRENT_PROJECT_VERSION = 1;
				DEVELOPMENT_ASSET_PATHS = "\"media-editor/Preview Content\"";
				DEVELOPMENT_TEAM = 97KJB35S4G;
				ENABLE_PREVIEWS = YES;
				GENERATE_INFOPLIST_FILE = YES;
				INFOPLIST_FILE = "media-editor/Resources/Info.plist";
				INFOPLIST_KEY_UIApplicationSceneManifest_Generation = YES;
				INFOPLIST_KEY_UIApplicationSupportsIndirectInputEvents = YES;
				INFOPLIST_KEY_UILaunchScreen_Generation = YES;
				INFOPLIST_KEY_UISupportedInterfaceOrientations_iPad = "UIInterfaceOrientationPortrait UIInterfaceOrientationPortraitUpsideDown UIInterfaceOrientationLandscapeLeft UIInterfaceOrientationLandscapeRight";
				INFOPLIST_KEY_UISupportedInterfaceOrientations_iPhone = "UIInterfaceOrientationPortrait UIInterfaceOrientationLandscapeLeft UIInterfaceOrientationLandscapeRight";
				LD_RUNPATH_SEARCH_PATHS = (
					"$(inherited)",
					"@executable_path/Frameworks",
				);
				MARKETING_VERSION = 1.0;
				PRODUCT_BUNDLE_IDENTIFIER = "aziz.media-editor";
				PRODUCT_NAME = "$(TARGET_NAME)";
				SWIFT_EMIT_LOC_STRINGS = YES;
				SWIFT_VERSION = 5.0;
				TARGETED_DEVICE_FAMILY = "1,2";
			};
			name = Release;
		};
		8FBE3DB42B95526000C46030 /* Debug */ = {
			isa = XCBuildConfiguration;
			buildSettings = {
				ALWAYS_EMBED_SWIFT_STANDARD_LIBRARIES = YES;
				BUNDLE_LOADER = "$(TEST_HOST)";
				CODE_SIGN_STYLE = Automatic;
				CURRENT_PROJECT_VERSION = 1;
				DEVELOPMENT_TEAM = 97KJB35S4G;
				GENERATE_INFOPLIST_FILE = YES;
				IPHONEOS_DEPLOYMENT_TARGET = 17.0;
				MARKETING_VERSION = 1.0;
				PRODUCT_BUNDLE_IDENTIFIER = "aziz.media-editorTests";
				PRODUCT_NAME = "$(TARGET_NAME)";
				SWIFT_EMIT_LOC_STRINGS = NO;
				SWIFT_VERSION = 5.0;
				TARGETED_DEVICE_FAMILY = "1,2";
				TEST_HOST = "$(BUILT_PRODUCTS_DIR)/media-editor.app/$(BUNDLE_EXECUTABLE_FOLDER_PATH)/media-editor";
			};
			name = Debug;
		};
		8FBE3DB52B95526000C46030 /* Release */ = {
			isa = XCBuildConfiguration;
			buildSettings = {
				ALWAYS_EMBED_SWIFT_STANDARD_LIBRARIES = YES;
				BUNDLE_LOADER = "$(TEST_HOST)";
				CODE_SIGN_STYLE = Automatic;
				CURRENT_PROJECT_VERSION = 1;
				DEVELOPMENT_TEAM = 97KJB35S4G;
				GENERATE_INFOPLIST_FILE = YES;
				IPHONEOS_DEPLOYMENT_TARGET = 17.0;
				MARKETING_VERSION = 1.0;
				PRODUCT_BUNDLE_IDENTIFIER = "aziz.media-editorTests";
				PRODUCT_NAME = "$(TARGET_NAME)";
				SWIFT_EMIT_LOC_STRINGS = NO;
				SWIFT_VERSION = 5.0;
				TARGETED_DEVICE_FAMILY = "1,2";
				TEST_HOST = "$(BUILT_PRODUCTS_DIR)/media-editor.app/$(BUNDLE_EXECUTABLE_FOLDER_PATH)/media-editor";
			};
			name = Release;
		};
		8FBE3DB72B95526000C46030 /* Debug */ = {
			isa = XCBuildConfiguration;
			buildSettings = {
				ALWAYS_EMBED_SWIFT_STANDARD_LIBRARIES = YES;
				CODE_SIGN_STYLE = Automatic;
				CURRENT_PROJECT_VERSION = 1;
				DEVELOPMENT_TEAM = 97KJB35S4G;
				GENERATE_INFOPLIST_FILE = YES;
				MARKETING_VERSION = 1.0;
				PRODUCT_BUNDLE_IDENTIFIER = "aziz.media-editorUITests";
				PRODUCT_NAME = "$(TARGET_NAME)";
				SWIFT_EMIT_LOC_STRINGS = NO;
				SWIFT_VERSION = 5.0;
				TARGETED_DEVICE_FAMILY = "1,2";
				TEST_TARGET_NAME = "media-editor";
			};
			name = Debug;
		};
		8FBE3DB82B95526000C46030 /* Release */ = {
			isa = XCBuildConfiguration;
			buildSettings = {
				ALWAYS_EMBED_SWIFT_STANDARD_LIBRARIES = YES;
				CODE_SIGN_STYLE = Automatic;
				CURRENT_PROJECT_VERSION = 1;
				DEVELOPMENT_TEAM = 97KJB35S4G;
				GENERATE_INFOPLIST_FILE = YES;
				MARKETING_VERSION = 1.0;
				PRODUCT_BUNDLE_IDENTIFIER = "aziz.media-editorUITests";
				PRODUCT_NAME = "$(TARGET_NAME)";
				SWIFT_EMIT_LOC_STRINGS = NO;
				SWIFT_VERSION = 5.0;
				TARGETED_DEVICE_FAMILY = "1,2";
				TEST_TARGET_NAME = "media-editor";
			};
			name = Release;
		};
/* End XCBuildConfiguration section */

/* Begin XCConfigurationList section */
		8FBE3D872B95525D00C46030 /* Build configuration list for PBXProject "media-editor" */ = {
			isa = XCConfigurationList;
			buildConfigurations = (
				8FBE3DAE2B95526000C46030 /* Debug */,
				8FBE3DAF2B95526000C46030 /* Release */,
			);
			defaultConfigurationIsVisible = 0;
			defaultConfigurationName = Release;
		};
		8FBE3DB02B95526000C46030 /* Build configuration list for PBXNativeTarget "media-editor" */ = {
			isa = XCConfigurationList;
			buildConfigurations = (
				8FBE3DB12B95526000C46030 /* Debug */,
				8FBE3DB22B95526000C46030 /* Release */,
			);
			defaultConfigurationIsVisible = 0;
			defaultConfigurationName = Release;
		};
		8FBE3DB32B95526000C46030 /* Build configuration list for PBXNativeTarget "media-editorTests" */ = {
			isa = XCConfigurationList;
			buildConfigurations = (
				8FBE3DB42B95526000C46030 /* Debug */,
				8FBE3DB52B95526000C46030 /* Release */,
			);
			defaultConfigurationIsVisible = 0;
			defaultConfigurationName = Release;
		};
		8FBE3DB62B95526000C46030 /* Build configuration list for PBXNativeTarget "media-editorUITests" */ = {
			isa = XCConfigurationList;
			buildConfigurations = (
				8FBE3DB72B95526000C46030 /* Debug */,
				8FBE3DB82B95526000C46030 /* Release */,
			);
			defaultConfigurationIsVisible = 0;
			defaultConfigurationName = Release;
		};
/* End XCConfigurationList section */
	};
	rootObject = 8FBE3D842B95525D00C46030 /* Project object */;
}
